
Microsoft Visual Studio Solution File, Format Version 12.00
# Visual Studio Version 17
VisualStudioVersion = 17.3.32819.101
MinimumVisualStudioVersion = 10.0.40219.1
Project("{9A19103F-16F7-4668-BE54-9A1E7A4F7556}") = "MarketPlace.Angular", "MarketPlace.Angular.csproj", "{8F8631CB-AE92-470A-A392-BD9D60B43C17}"
EndProject
Project("{9A19103F-16F7-4668-BE54-9A1E7A4F7556}") = "MarketPlace.DO", "..\MarketPlace.DO\MarketPlace.DO.csproj", "{3D94EC6F-77B8-4CF3-A398-8B9F90DC2C01}"
EndProject
Global
	GlobalSection(SolutionConfigurationPlatforms) = preSolution
		Debug|Any CPU = Debug|Any CPU
		Release|Any CPU = Release|Any CPU
	EndGlobalSection
	GlobalSection(ProjectConfigurationPlatforms) = postSolution
		{8F8631CB-AE92-470A-A392-BD9D60B43C17}.Debug|Any CPU.ActiveCfg = Debug|Any CPU
		{8F8631CB-AE92-470A-A392-BD9D60B43C17}.Debug|Any CPU.Build.0 = Debug|Any CPU
		{8F8631CB-AE92-470A-A392-BD9D60B43C17}.Release|Any CPU.ActiveCfg = Release|Any CPU
		{8F8631CB-AE92-470A-A392-BD9D60B43C17}.Release|Any CPU.Build.0 = Release|Any CPU
		{3D94EC6F-77B8-4CF3-A398-8B9F90DC2C01}.Debug|Any CPU.ActiveCfg = Debug|Any CPU
		{3D94EC6F-77B8-4CF3-A398-8B9F90DC2C01}.Debug|Any CPU.Build.0 = Debug|Any CPU
		{3D94EC6F-77B8-4CF3-A398-8B9F90DC2C01}.Release|Any CPU.ActiveCfg = Release|Any CPU
		{3D94EC6F-77B8-4CF3-A398-8B9F90DC2C01}.Release|Any CPU.Build.0 = Release|Any CPU
	EndGlobalSection
	GlobalSection(SolutionProperties) = preSolution
		HideSolutionNode = FALSE
	EndGlobalSection
	GlobalSection(ExtensibilityGlobals) = postSolution
		SolutionGuid = {7D923C00-7FD7-46E2-9EC1-EBC5EDD29B4D}
	EndGlobalSection
EndGlobal
